
Microsoft Visual Studio Solution File, Format Version 12.00
Project("{FAE04EC0-301F-11D3-BF4B-00C04F79EFBC}") = "Cdv.Domain", "Cdv.Domain\Cdv.Domain.csproj", "{CBAF74E5-14FD-4269-BAF2-E9AE35B94FC3}"
EndProject
Project("{FAE04EC0-301F-11D3-BF4B-00C04F79EFBC}") = "Cdv.Functions", "Cdv.Functions\Cdv.Functions.csproj", "{AA113861-2267-4CDA-9526-C10DCDC344E2}"
EndProject
Global
	GlobalSection(SolutionConfigurationPlatforms) = preSolution
		Debug|Any CPU = Debug|Any CPU
		Release|Any CPU = Release|Any CPU
	EndGlobalSection
	GlobalSection(ProjectConfigurationPlatforms) = postSolution
		{CBAF74E5-14FD-4269-BAF2-E9AE35B94FC3}.Debug|Any CPU.ActiveCfg = Debug|Any CPU
		{CBAF74E5-14FD-4269-BAF2-E9AE35B94FC3}.Debug|Any CPU.Build.0 = Debug|Any CPU
		{CBAF74E5-14FD-4269-BAF2-E9AE35B94FC3}.Release|Any CPU.ActiveCfg = Release|Any CPU
		{CBAF74E5-14FD-4269-BAF2-E9AE35B94FC3}.Release|Any CPU.Build.0 = Release|Any CPU
		{AA113861-2267-4CDA-9526-C10DCDC344E2}.Debug|Any CPU.ActiveCfg = Debug|Any CPU
		{AA113861-2267-4CDA-9526-C10DCDC344E2}.Debug|Any CPU.Build.0 = Debug|Any CPU
		{AA113861-2267-4CDA-9526-C10DCDC344E2}.Release|Any CPU.ActiveCfg = Release|Any CPU
		{AA113861-2267-4CDA-9526-C10DCDC344E2}.Release|Any CPU.Build.0 = Release|Any CPU
	EndGlobalSection
EndGlobal
